
Microsoft Visual Studio Solution File, Format Version 12.00
# Visual Studio Version 17
VisualStudioVersion = 17.4.33213.308
MinimumVisualStudioVersion = 10.0.40219.1
Project("{FAE04EC0-301F-11D3-BF4B-00C04F79EFBC}") = "01.StudentInformation", "BasicSyntaxConditionalStatementsLoopsLab\01.StudentInformation.csproj", "{2A64BA44-DA99-4594-8307-7114A9544D18}"
EndProject
Project("{FAE04EC0-301F-11D3-BF4B-00C04F79EFBC}") = "02.Passed", "02.Passed\02.Passed.csproj", "{E31C0769-A9C3-49FE-A44B-0DAAC03AAB38}"
EndProject
Project("{FAE04EC0-301F-11D3-BF4B-00C04F79EFBC}") = "03.PassedOrFailed", "03.PassedOrFailed\03.PassedOrFailed.csproj", "{79645F83-F985-4295-83A8-64A65FEBCA31}"
EndProject
Project("{FAE04EC0-301F-11D3-BF4B-00C04F79EFBC}") = "04.BackIn30Minutes", "04.BackIn30Minutes\04.BackIn30Minutes.csproj", "{683CA3C2-6E37-44DA-9CDB-1A37FB894DAF}"
EndProject
Project("{FAE04EC0-301F-11D3-BF4B-00C04F79EFBC}") = "05.MonthPrinter", "05.MonthPrinter\05.MonthPrinter.csproj", "{6D2AA888-C913-4957-8618-397DCFA6DD88}"
EndProject
Project("{FAE04EC0-301F-11D3-BF4B-00C04F79EFBC}") = "06.ForeignLanguages", "06.ForeignLanguages\06.ForeignLanguages.csproj", "{9305821D-0AB4-426D-A087-E7C95D8E5DBB}"
EndProject
Project("{FAE04EC0-301F-11D3-BF4B-00C04F79EFBC}") = "07.TheatrePromotion", "07.TheatrePromotion\07.TheatrePromotion.csproj", "{36A9E899-24D6-4CDE-ABF6-CEEE6E2D87F6}"
EndProject
Project("{FAE04EC0-301F-11D3-BF4B-00C04F79EFBC}") = "08.Divisibleby3", "08.Divisibleby3\08.Divisibleby3.csproj", "{FAE975F1-6117-4834-BE73-669CC126E732}"
EndProject
Project("{FAE04EC0-301F-11D3-BF4B-00C04F79EFBC}") = "09.SumOfOddNumbers", "09.SumOfOddNumbers\09.SumOfOddNumbers.csproj", "{40786052-B3EA-4F3A-B977-3E06E6BF57A2}"
EndProject
Project("{FAE04EC0-301F-11D3-BF4B-00C04F79EFBC}") = "10.MultiplicationTable", "10.MultiplicationTable\10.MultiplicationTable.csproj", "{1C5B969B-4529-44AC-AB01-67C6BDDBCD20}"
EndProject
Project("{FAE04EC0-301F-11D3-BF4B-00C04F79EFBC}") = "11.MultiplicationTable2.0", "11.MultiplicationTable2.0\11.MultiplicationTable2.0.csproj", "{518B480C-F0B4-4361-ADAC-ED60FD491E38}"
EndProject
Project("{FAE04EC0-301F-11D3-BF4B-00C04F79EFBC}") = "12.EvenNumber", "12.EvenNumber\12.EvenNumber.csproj", "{EA24DF5F-A056-47BB-99BD-E030C3D9FFD3}"
EndProject
Project("{FAE04EC0-301F-11D3-BF4B-00C04F79EFBC}") = "13.HolidaysBetweenTwoDates", "13.HolidaysBetweenTwoDates\13.HolidaysBetweenTwoDates.csproj", "{B59D001F-A74B-4564-B34A-C0E0AA1B728C}"
EndProject
Global
	GlobalSection(SolutionConfigurationPlatforms) = preSolution
		Debug|Any CPU = Debug|Any CPU
		Release|Any CPU = Release|Any CPU
	EndGlobalSection
	GlobalSection(ProjectConfigurationPlatforms) = postSolution
		{2A64BA44-DA99-4594-8307-7114A9544D18}.Debug|Any CPU.ActiveCfg = Debug|Any CPU
		{2A64BA44-DA99-4594-8307-7114A9544D18}.Debug|Any CPU.Build.0 = Debug|Any CPU
		{2A64BA44-DA99-4594-8307-7114A9544D18}.Release|Any CPU.ActiveCfg = Release|Any CPU
		{2A64BA44-DA99-4594-8307-7114A9544D18}.Release|Any CPU.Build.0 = Release|Any CPU
		{E31C0769-A9C3-49FE-A44B-0DAAC03AAB38}.Debug|Any CPU.ActiveCfg = Debug|Any CPU
		{E31C0769-A9C3-49FE-A44B-0DAAC03AAB38}.Debug|Any CPU.Build.0 = Debug|Any CPU
		{E31C0769-A9C3-49FE-A44B-0DAAC03AAB38}.Release|Any CPU.ActiveCfg = Release|Any CPU
		{E31C0769-A9C3-49FE-A44B-0DAAC03AAB38}.Release|Any CPU.Build.0 = Release|Any CPU
		{79645F83-F985-4295-83A8-64A65FEBCA31}.Debug|Any CPU.ActiveCfg = Debug|Any CPU
		{79645F83-F985-4295-83A8-64A65FEBCA31}.Debug|Any CPU.Build.0 = Debug|Any CPU
		{79645F83-F985-4295-83A8-64A65FEBCA31}.Release|Any CPU.ActiveCfg = Release|Any CPU
		{79645F83-F985-4295-83A8-64A65FEBCA31}.Release|Any CPU.Build.0 = Release|Any CPU
		{683CA3C2-6E37-44DA-9CDB-1A37FB894DAF}.Debug|Any CPU.ActiveCfg = Debug|Any CPU
		{683CA3C2-6E37-44DA-9CDB-1A37FB894DAF}.Debug|Any CPU.Build.0 = Debug|Any CPU
		{683CA3C2-6E37-44DA-9CDB-1A37FB894DAF}.Release|Any CPU.ActiveCfg = Release|Any CPU
		{683CA3C2-6E37-44DA-9CDB-1A37FB894DAF}.Release|Any CPU.Build.0 = Release|Any CPU
		{6D2AA888-C913-4957-8618-397DCFA6DD88}.Debug|Any CPU.ActiveCfg = Debug|Any CPU
		{6D2AA888-C913-4957-8618-397DCFA6DD88}.Debug|Any CPU.Build.0 = Debug|Any CPU
		{6D2AA888-C913-4957-8618-397DCFA6DD88}.Release|Any CPU.ActiveCfg = Release|Any CPU
		{6D2AA888-C913-4957-8618-397DCFA6DD88}.Release|Any CPU.Build.0 = Release|Any CPU
		{9305821D-0AB4-426D-A087-E7C95D8E5DBB}.Debug|Any CPU.ActiveCfg = Debug|Any CPU
		{9305821D-0AB4-426D-A087-E7C95D8E5DBB}.Debug|Any CPU.Build.0 = Debug|Any CPU
		{9305821D-0AB4-426D-A087-E7C95D8E5DBB}.Release|Any CPU.ActiveCfg = Release|Any CPU
		{9305821D-0AB4-426D-A087-E7C95D8E5DBB}.Release|Any CPU.Build.0 = Release|Any CPU
		{36A9E899-24D6-4CDE-ABF6-CEEE6E2D87F6}.Debug|Any CPU.ActiveCfg = Debug|Any CPU
		{36A9E899-24D6-4CDE-ABF6-CEEE6E2D87F6}.Debug|Any CPU.Build.0 = Debug|Any CPU
		{36A9E899-24D6-4CDE-ABF6-CEEE6E2D87F6}.Release|Any CPU.ActiveCfg = Release|Any CPU
		{36A9E899-24D6-4CDE-ABF6-CEEE6E2D87F6}.Release|Any CPU.Build.0 = Release|Any CPU
		{FAE975F1-6117-4834-BE73-669CC126E732}.Debug|Any CPU.ActiveCfg = Debug|Any CPU
		{FAE975F1-6117-4834-BE73-669CC126E732}.Debug|Any CPU.Build.0 = Debug|Any CPU
		{FAE975F1-6117-4834-BE73-669CC126E732}.Release|Any CPU.ActiveCfg = Release|Any CPU
		{FAE975F1-6117-4834-BE73-669CC126E732}.Release|Any CPU.Build.0 = Release|Any CPU
		{40786052-B3EA-4F3A-B977-3E06E6BF57A2}.Debug|Any CPU.ActiveCfg = Debug|Any CPU
		{40786052-B3EA-4F3A-B977-3E06E6BF57A2}.Debug|Any CPU.Build.0 = Debug|Any CPU
		{40786052-B3EA-4F3A-B977-3E06E6BF57A2}.Release|Any CPU.ActiveCfg = Release|Any CPU
		{40786052-B3EA-4F3A-B977-3E06E6BF57A2}.Release|Any CPU.Build.0 = Release|Any CPU
		{1C5B969B-4529-44AC-AB01-67C6BDDBCD20}.Debug|Any CPU.ActiveCfg = Debug|Any CPU
		{1C5B969B-4529-44AC-AB01-67C6BDDBCD20}.Debug|Any CPU.Build.0 = Debug|Any CPU
		{1C5B969B-4529-44AC-AB01-67C6BDDBCD20}.Release|Any CPU.ActiveCfg = Release|Any CPU
		{1C5B969B-4529-44AC-AB01-67C6BDDBCD20}.Release|Any CPU.Build.0 = Release|Any CPU
		{518B480C-F0B4-4361-ADAC-ED60FD491E38}.Debug|Any CPU.ActiveCfg = Debug|Any CPU
		{518B480C-F0B4-4361-ADAC-ED60FD491E38}.Debug|Any CPU.Build.0 = Debug|Any CPU
		{518B480C-F0B4-4361-ADAC-ED60FD491E38}.Release|Any CPU.ActiveCfg = Release|Any CPU
		{518B480C-F0B4-4361-ADAC-ED60FD491E38}.Release|Any CPU.Build.0 = Release|Any CPU
		{EA24DF5F-A056-47BB-99BD-E030C3D9FFD3}.Debug|Any CPU.ActiveCfg = Debug|Any CPU
		{EA24DF5F-A056-47BB-99BD-E030C3D9FFD3}.Debug|Any CPU.Build.0 = Debug|Any CPU
		{EA24DF5F-A056-47BB-99BD-E030C3D9FFD3}.Release|Any CPU.ActiveCfg = Release|Any CPU
		{EA24DF5F-A056-47BB-99BD-E030C3D9FFD3}.Release|Any CPU.Build.0 = Release|Any CPU
		{B59D001F-A74B-4564-B34A-C0E0AA1B728C}.Debug|Any CPU.ActiveCfg = Debug|Any CPU
		{B59D001F-A74B-4564-B34A-C0E0AA1B728C}.Debug|Any CPU.Build.0 = Debug|Any CPU
		{B59D001F-A74B-4564-B34A-C0E0AA1B728C}.Release|Any CPU.ActiveCfg = Release|Any CPU
		{B59D001F-A74B-4564-B34A-C0E0AA1B728C}.Release|Any CPU.Build.0 = Release|Any CPU
	EndGlobalSection
	GlobalSection(SolutionProperties) = preSolution
		HideSolutionNode = FALSE
	EndGlobalSection
	GlobalSection(ExtensibilityGlobals) = postSolution
		SolutionGuid = {9A85AE3B-2221-4DF4-93A6-31F48BE69E48}
	EndGlobalSection
EndGlobal
