
Microsoft Visual Studio Solution File, Format Version 12.00
# Visual Studio Version 17
VisualStudioVersion = 17.4.33213.308
MinimumVisualStudioVersion = 10.0.40219.1
Project("{FAE04EC0-301F-11D3-BF4B-00C04F79EFBC}") = "01.Ages", "01.Ages\01.Ages.csproj", "{72E52830-618C-4E6C-B44B-C7B131D396A8}"
EndProject
Project("{FAE04EC0-301F-11D3-BF4B-00C04F79EFBC}") = "02.Division", "02.Division\02.Division.csproj", "{7EF976C9-5297-413A-A44C-B848698462F2}"
EndProject
Project("{FAE04EC0-301F-11D3-BF4B-00C04F79EFBC}") = "03.Vacation", "03.Vacation\03.Vacation.csproj", "{CDF3C3FD-25DF-409D-866E-3AD9A06DEB7E}"
EndProject
Project("{FAE04EC0-301F-11D3-BF4B-00C04F79EFBC}") = "04.PrintAndSum", "04.PrintAndSum\04.PrintAndSum.csproj", "{42F69BFA-8AD7-4E0D-8BEA-15761146F138}"
EndProject
Project("{FAE04EC0-301F-11D3-BF4B-00C04F79EFBC}") = "05.Login", "05.Login\05.Login.csproj", "{F241D8FE-0E69-4D40-928D-D2573DE57842}"
EndProject
Project("{FAE04EC0-301F-11D3-BF4B-00C04F79EFBC}") = "06.StrongNumber", "06.StrongNumber\06.StrongNumber.csproj", "{E5E1E9FF-7F9B-4EE7-8570-E464612173B3}"
EndProject
Project("{FAE04EC0-301F-11D3-BF4B-00C04F79EFBC}") = "07.VendingMachine", "07.VendingMachine\07.VendingMachine.csproj", "{4E03C525-BB3A-4F64-9DCB-D8B6E06A3F0D}"
EndProject
Project("{FAE04EC0-301F-11D3-BF4B-00C04F79EFBC}") = "08.TriangleOfNumbers", "08.TriangleOfNumbers\08.TriangleOfNumbers.csproj", "{228BA5F4-0EEC-40AB-BA17-F96D3B0C5FE5}"
EndProject
Project("{FAE04EC0-301F-11D3-BF4B-00C04F79EFBC}") = "09.PadawanEquipment", "09.PadawanEquipment\09.PadawanEquipment.csproj", "{26C88516-16EF-4DA1-98C6-66719AF589BE}"
EndProject
Project("{FAE04EC0-301F-11D3-BF4B-00C04F79EFBC}") = "10.RageExpenses", "10.RageExpenses\10.RageExpenses.csproj", "{D9E3F52B-3F30-4AC0-9279-64873688CACC}"
EndProject
Project("{FAE04EC0-301F-11D3-BF4B-00C04F79EFBC}") = "11.Orders", "11.Orders\11.Orders.csproj", "{E51B2750-BEA4-4C7E-A782-97F8FB47A62E}"
EndProject
Global
	GlobalSection(SolutionConfigurationPlatforms) = preSolution
		Debug|Any CPU = Debug|Any CPU
		Release|Any CPU = Release|Any CPU
	EndGlobalSection
	GlobalSection(ProjectConfigurationPlatforms) = postSolution
		{72E52830-618C-4E6C-B44B-C7B131D396A8}.Debug|Any CPU.ActiveCfg = Debug|Any CPU
		{72E52830-618C-4E6C-B44B-C7B131D396A8}.Debug|Any CPU.Build.0 = Debug|Any CPU
		{72E52830-618C-4E6C-B44B-C7B131D396A8}.Release|Any CPU.ActiveCfg = Release|Any CPU
		{72E52830-618C-4E6C-B44B-C7B131D396A8}.Release|Any CPU.Build.0 = Release|Any CPU
		{7EF976C9-5297-413A-A44C-B848698462F2}.Debug|Any CPU.ActiveCfg = Debug|Any CPU
		{7EF976C9-5297-413A-A44C-B848698462F2}.Debug|Any CPU.Build.0 = Debug|Any CPU
		{7EF976C9-5297-413A-A44C-B848698462F2}.Release|Any CPU.ActiveCfg = Release|Any CPU
		{7EF976C9-5297-413A-A44C-B848698462F2}.Release|Any CPU.Build.0 = Release|Any CPU
		{CDF3C3FD-25DF-409D-866E-3AD9A06DEB7E}.Debug|Any CPU.ActiveCfg = Debug|Any CPU
		{CDF3C3FD-25DF-409D-866E-3AD9A06DEB7E}.Debug|Any CPU.Build.0 = Debug|Any CPU
		{CDF3C3FD-25DF-409D-866E-3AD9A06DEB7E}.Release|Any CPU.ActiveCfg = Release|Any CPU
		{CDF3C3FD-25DF-409D-866E-3AD9A06DEB7E}.Release|Any CPU.Build.0 = Release|Any CPU
		{42F69BFA-8AD7-4E0D-8BEA-15761146F138}.Debug|Any CPU.ActiveCfg = Debug|Any CPU
		{42F69BFA-8AD7-4E0D-8BEA-15761146F138}.Debug|Any CPU.Build.0 = Debug|Any CPU
		{42F69BFA-8AD7-4E0D-8BEA-15761146F138}.Release|Any CPU.ActiveCfg = Release|Any CPU
		{42F69BFA-8AD7-4E0D-8BEA-15761146F138}.Release|Any CPU.Build.0 = Release|Any CPU
		{F241D8FE-0E69-4D40-928D-D2573DE57842}.Debug|Any CPU.ActiveCfg = Debug|Any CPU
		{F241D8FE-0E69-4D40-928D-D2573DE57842}.Debug|Any CPU.Build.0 = Debug|Any CPU
		{F241D8FE-0E69-4D40-928D-D2573DE57842}.Release|Any CPU.ActiveCfg = Release|Any CPU
		{F241D8FE-0E69-4D40-928D-D2573DE57842}.Release|Any CPU.Build.0 = Release|Any CPU
		{E5E1E9FF-7F9B-4EE7-8570-E464612173B3}.Debug|Any CPU.ActiveCfg = Debug|Any CPU
		{E5E1E9FF-7F9B-4EE7-8570-E464612173B3}.Debug|Any CPU.Build.0 = Debug|Any CPU
		{E5E1E9FF-7F9B-4EE7-8570-E464612173B3}.Release|Any CPU.ActiveCfg = Release|Any CPU
		{E5E1E9FF-7F9B-4EE7-8570-E464612173B3}.Release|Any CPU.Build.0 = Release|Any CPU
		{4E03C525-BB3A-4F64-9DCB-D8B6E06A3F0D}.Debug|Any CPU.ActiveCfg = Debug|Any CPU
		{4E03C525-BB3A-4F64-9DCB-D8B6E06A3F0D}.Debug|Any CPU.Build.0 = Debug|Any CPU
		{4E03C525-BB3A-4F64-9DCB-D8B6E06A3F0D}.Release|Any CPU.ActiveCfg = Release|Any CPU
		{4E03C525-BB3A-4F64-9DCB-D8B6E06A3F0D}.Release|Any CPU.Build.0 = Release|Any CPU
		{228BA5F4-0EEC-40AB-BA17-F96D3B0C5FE5}.Debug|Any CPU.ActiveCfg = Debug|Any CPU
		{228BA5F4-0EEC-40AB-BA17-F96D3B0C5FE5}.Debug|Any CPU.Build.0 = Debug|Any CPU
		{228BA5F4-0EEC-40AB-BA17-F96D3B0C5FE5}.Release|Any CPU.ActiveCfg = Release|Any CPU
		{228BA5F4-0EEC-40AB-BA17-F96D3B0C5FE5}.Release|Any CPU.Build.0 = Release|Any CPU
		{26C88516-16EF-4DA1-98C6-66719AF589BE}.Debug|Any CPU.ActiveCfg = Debug|Any CPU
		{26C88516-16EF-4DA1-98C6-66719AF589BE}.Debug|Any CPU.Build.0 = Debug|Any CPU
		{26C88516-16EF-4DA1-98C6-66719AF589BE}.Release|Any CPU.ActiveCfg = Release|Any CPU
		{26C88516-16EF-4DA1-98C6-66719AF589BE}.Release|Any CPU.Build.0 = Release|Any CPU
		{D9E3F52B-3F30-4AC0-9279-64873688CACC}.Debug|Any CPU.ActiveCfg = Debug|Any CPU
		{D9E3F52B-3F30-4AC0-9279-64873688CACC}.Debug|Any CPU.Build.0 = Debug|Any CPU
		{D9E3F52B-3F30-4AC0-9279-64873688CACC}.Release|Any CPU.ActiveCfg = Release|Any CPU
		{D9E3F52B-3F30-4AC0-9279-64873688CACC}.Release|Any CPU.Build.0 = Release|Any CPU
		{E51B2750-BEA4-4C7E-A782-97F8FB47A62E}.Debug|Any CPU.ActiveCfg = Debug|Any CPU
		{E51B2750-BEA4-4C7E-A782-97F8FB47A62E}.Debug|Any CPU.Build.0 = Debug|Any CPU
		{E51B2750-BEA4-4C7E-A782-97F8FB47A62E}.Release|Any CPU.ActiveCfg = Release|Any CPU
		{E51B2750-BEA4-4C7E-A782-97F8FB47A62E}.Release|Any CPU.Build.0 = Release|Any CPU
	EndGlobalSection
	GlobalSection(SolutionProperties) = preSolution
		HideSolutionNode = FALSE
	EndGlobalSection
	GlobalSection(ExtensibilityGlobals) = postSolution
		SolutionGuid = {3BC24F0A-5620-4252-9ACB-9377C3D9DD89}
	EndGlobalSection
EndGlobal
