
Microsoft Visual Studio Solution File, Format Version 12.00
# Visual Studio Version 17
VisualStudioVersion = 17.12.35728.132 d17.12
MinimumVisualStudioVersion = 10.0.40219.1
Project("{FAE04EC0-301F-11D3-BF4B-00C04F79EFBC}") = "01.ComputerStore", "01.ComputerStore\01.ComputerStore.csproj", "{8029DA22-B5BE-4E68-B869-48EDA9D1F77A}"
EndProject
Project("{FAE04EC0-301F-11D3-BF4B-00C04F79EFBC}") = "02.TheLift", "02.TheLift\02.TheLift.csproj", "{C29FA11F-963B-476E-8553-FF53F5A85AFD}"
EndProject
Project("{FAE04EC0-301F-11D3-BF4B-00C04F79EFBC}") = "03.MemoryGame", "03.MemoryGame\03.MemoryGame.csproj", "{9A12BA53-1E81-45CF-AFDB-6AF32E95B41A}"
EndProject
Global
	GlobalSection(SolutionConfigurationPlatforms) = preSolution
		Debug|Any CPU = Debug|Any CPU
		Release|Any CPU = Release|Any CPU
	EndGlobalSection
	GlobalSection(ProjectConfigurationPlatforms) = postSolution
		{8029DA22-B5BE-4E68-B869-48EDA9D1F77A}.Debug|Any CPU.ActiveCfg = Debug|Any CPU
		{8029DA22-B5BE-4E68-B869-48EDA9D1F77A}.Debug|Any CPU.Build.0 = Debug|Any CPU
		{8029DA22-B5BE-4E68-B869-48EDA9D1F77A}.Release|Any CPU.ActiveCfg = Release|Any CPU
		{8029DA22-B5BE-4E68-B869-48EDA9D1F77A}.Release|Any CPU.Build.0 = Release|Any CPU
		{C29FA11F-963B-476E-8553-FF53F5A85AFD}.Debug|Any CPU.ActiveCfg = Debug|Any CPU
		{C29FA11F-963B-476E-8553-FF53F5A85AFD}.Debug|Any CPU.Build.0 = Debug|Any CPU
		{C29FA11F-963B-476E-8553-FF53F5A85AFD}.Release|Any CPU.ActiveCfg = Release|Any CPU
		{C29FA11F-963B-476E-8553-FF53F5A85AFD}.Release|Any CPU.Build.0 = Release|Any CPU
		{9A12BA53-1E81-45CF-AFDB-6AF32E95B41A}.Debug|Any CPU.ActiveCfg = Debug|Any CPU
		{9A12BA53-1E81-45CF-AFDB-6AF32E95B41A}.Debug|Any CPU.Build.0 = Debug|Any CPU
		{9A12BA53-1E81-45CF-AFDB-6AF32E95B41A}.Release|Any CPU.ActiveCfg = Release|Any CPU
		{9A12BA53-1E81-45CF-AFDB-6AF32E95B41A}.Release|Any CPU.Build.0 = Release|Any CPU
	EndGlobalSection
	GlobalSection(SolutionProperties) = preSolution
		HideSolutionNode = FALSE
	EndGlobalSection
EndGlobal
