
Microsoft Visual Studio Solution File, Format Version 12.00
# Visual Studio Version 17
VisualStudioVersion = 17.12.35728.132 d17.12
MinimumVisualStudioVersion = 10.0.40219.1
Project("{FAE04EC0-301F-11D3-BF4B-00C04F79EFBC}") = "01.Messaging", "01.Messaging\01.Messaging.csproj", "{E6FB5D3A-99AC-4BFB-B62C-EAAB8930DD6C}"
EndProject
Project("{FAE04EC0-301F-11D3-BF4B-00C04F79EFBC}") = "02.CarRace", "02.CarRace\02.CarRace.csproj", "{95BD9649-E473-4594-8421-268901A1D580}"
EndProject
Project("{FAE04EC0-301F-11D3-BF4B-00C04F79EFBC}") = "03.TakeOrSkipRope", "03.TakeOrSkipRope\03.TakeOrSkipRope.csproj", "{054B11A6-0C68-4A5F-AAB1-ADC25ADB3139}"
EndProject
Project("{FAE04EC0-301F-11D3-BF4B-00C04F79EFBC}") = "04.MixedUpLists", "04.MixedUpLists\04.MixedUpLists.csproj", "{8C4D3693-9C4F-4FF7-A93B-EFA68A7B2C67}"
EndProject
Project("{FAE04EC0-301F-11D3-BF4B-00C04F79EFBC}") = "05.DrumSet", "05.DrumSet\05.DrumSet.csproj", "{41A6D6F4-AEDB-4F30-A4FB-223F44B8C8F2}"
EndProject
Global
	GlobalSection(SolutionConfigurationPlatforms) = preSolution
		Debug|Any CPU = Debug|Any CPU
		Release|Any CPU = Release|Any CPU
	EndGlobalSection
	GlobalSection(ProjectConfigurationPlatforms) = postSolution
		{E6FB5D3A-99AC-4BFB-B62C-EAAB8930DD6C}.Debug|Any CPU.ActiveCfg = Debug|Any CPU
		{E6FB5D3A-99AC-4BFB-B62C-EAAB8930DD6C}.Debug|Any CPU.Build.0 = Debug|Any CPU
		{E6FB5D3A-99AC-4BFB-B62C-EAAB8930DD6C}.Release|Any CPU.ActiveCfg = Release|Any CPU
		{E6FB5D3A-99AC-4BFB-B62C-EAAB8930DD6C}.Release|Any CPU.Build.0 = Release|Any CPU
		{95BD9649-E473-4594-8421-268901A1D580}.Debug|Any CPU.ActiveCfg = Debug|Any CPU
		{95BD9649-E473-4594-8421-268901A1D580}.Debug|Any CPU.Build.0 = Debug|Any CPU
		{95BD9649-E473-4594-8421-268901A1D580}.Release|Any CPU.ActiveCfg = Release|Any CPU
		{95BD9649-E473-4594-8421-268901A1D580}.Release|Any CPU.Build.0 = Release|Any CPU
		{054B11A6-0C68-4A5F-AAB1-ADC25ADB3139}.Debug|Any CPU.ActiveCfg = Debug|Any CPU
		{054B11A6-0C68-4A5F-AAB1-ADC25ADB3139}.Debug|Any CPU.Build.0 = Debug|Any CPU
		{054B11A6-0C68-4A5F-AAB1-ADC25ADB3139}.Release|Any CPU.ActiveCfg = Release|Any CPU
		{054B11A6-0C68-4A5F-AAB1-ADC25ADB3139}.Release|Any CPU.Build.0 = Release|Any CPU
		{8C4D3693-9C4F-4FF7-A93B-EFA68A7B2C67}.Debug|Any CPU.ActiveCfg = Debug|Any CPU
		{8C4D3693-9C4F-4FF7-A93B-EFA68A7B2C67}.Debug|Any CPU.Build.0 = Debug|Any CPU
		{8C4D3693-9C4F-4FF7-A93B-EFA68A7B2C67}.Release|Any CPU.ActiveCfg = Release|Any CPU
		{8C4D3693-9C4F-4FF7-A93B-EFA68A7B2C67}.Release|Any CPU.Build.0 = Release|Any CPU
		{41A6D6F4-AEDB-4F30-A4FB-223F44B8C8F2}.Debug|Any CPU.ActiveCfg = Debug|Any CPU
		{41A6D6F4-AEDB-4F30-A4FB-223F44B8C8F2}.Debug|Any CPU.Build.0 = Debug|Any CPU
		{41A6D6F4-AEDB-4F30-A4FB-223F44B8C8F2}.Release|Any CPU.ActiveCfg = Release|Any CPU
		{41A6D6F4-AEDB-4F30-A4FB-223F44B8C8F2}.Release|Any CPU.Build.0 = Release|Any CPU
	EndGlobalSection
	GlobalSection(SolutionProperties) = preSolution
		HideSolutionNode = FALSE
	EndGlobalSection
EndGlobal
